
Microsoft Visual Studio Solution File, Format Version 12.00
# Visual Studio Version 16
VisualStudioVersion = 16.0.29709.97
MinimumVisualStudioVersion = 10.0.40219.1
Project("{FAE04EC0-301F-11D3-BF4B-00C04F79EFBC}") = "TaskManagementSystem_v1", "TaskManagementSystem_v1\TaskManagementSystem_v1.csproj", "{11A07DAA-A77F-4AC7-B43E-AD9CDA2CEC9A}"
EndProject
Global
	GlobalSection(SolutionConfigurationPlatforms) = preSolution
		Debug|Any CPU = Debug|Any CPU
		Release|Any CPU = Release|Any CPU
	EndGlobalSection
	GlobalSection(ProjectConfigurationPlatforms) = postSolution
		{11A07DAA-A77F-4AC7-B43E-AD9CDA2CEC9A}.Debug|Any CPU.ActiveCfg = Debug|Any CPU
		{11A07DAA-A77F-4AC7-B43E-AD9CDA2CEC9A}.Debug|Any CPU.Build.0 = Debug|Any CPU
		{11A07DAA-A77F-4AC7-B43E-AD9CDA2CEC9A}.Release|Any CPU.ActiveCfg = Release|Any CPU
		{11A07DAA-A77F-4AC7-B43E-AD9CDA2CEC9A}.Release|Any CPU.Build.0 = Release|Any CPU
	EndGlobalSection
	GlobalSection(SolutionProperties) = preSolution
		HideSolutionNode = FALSE
	EndGlobalSection
	GlobalSection(ExtensibilityGlobals) = postSolution
		SolutionGuid = {FFD9B796-BD33-4481-AC85-2C7465128E67}
	EndGlobalSection
EndGlobal
